
Microsoft Visual Studio Solution File, Format Version 12.00
# Visual Studio Version 16
VisualStudioVersion = 16.0.31112.23
MinimumVisualStudioVersion = 10.0.40219.1
Project("{FAE04EC0-301F-11D3-BF4B-00C04F79EFBC}") = "Soccer3", "Soccer3\Soccer3.csproj", "{2F7B555E-78DF-4B43-A91F-B81FE86CE562}"
EndProject
Global
	GlobalSection(SolutionConfigurationPlatforms) = preSolution
		Debug|Any CPU = Debug|Any CPU
		Release|Any CPU = Release|Any CPU
	EndGlobalSection
	GlobalSection(ProjectConfigurationPlatforms) = postSolution
		{2F7B555E-78DF-4B43-A91F-B81FE86CE562}.Debug|Any CPU.ActiveCfg = Debug|Any CPU
		{2F7B555E-78DF-4B43-A91F-B81FE86CE562}.Debug|Any CPU.Build.0 = Debug|Any CPU
		{2F7B555E-78DF-4B43-A91F-B81FE86CE562}.Release|Any CPU.ActiveCfg = Release|Any CPU
		{2F7B555E-78DF-4B43-A91F-B81FE86CE562}.Release|Any CPU.Build.0 = Release|Any CPU
	EndGlobalSection
	GlobalSection(SolutionProperties) = preSolution
		HideSolutionNode = FALSE
	EndGlobalSection
	GlobalSection(ExtensibilityGlobals) = postSolution
		SolutionGuid = {BF33CA3C-D77C-4AA6-8C3E-FAA099613FEE}
	EndGlobalSection
EndGlobal
